
Microsoft Visual Studio Solution File, Format Version 12.00
# Visual Studio 15
VisualStudioVersion = 15.0.28307.705
MinimumVisualStudioVersion = 10.0.40219.1
Project("{FAE04EC0-301F-11D3-BF4B-00C04F79EFBC}") = "WebApplication1", "WebApplication1\WebApplication1.csproj", "{664B8C46-66AC-41DD-90E7-DD23ED7BC5CC}"
EndProject
Global
	GlobalSection(SolutionConfigurationPlatforms) = preSolution
		Debug|Any CPU = Debug|Any CPU
		Release|Any CPU = Release|Any CPU
	EndGlobalSection
	GlobalSection(ProjectConfigurationPlatforms) = postSolution
		{664B8C46-66AC-41DD-90E7-DD23ED7BC5CC}.Debug|Any CPU.ActiveCfg = Debug|Any CPU
		{664B8C46-66AC-41DD-90E7-DD23ED7BC5CC}.Debug|Any CPU.Build.0 = Debug|Any CPU
		{664B8C46-66AC-41DD-90E7-DD23ED7BC5CC}.Release|Any CPU.ActiveCfg = Release|Any CPU
		{664B8C46-66AC-41DD-90E7-DD23ED7BC5CC}.Release|Any CPU.Build.0 = Release|Any CPU
	EndGlobalSection
	GlobalSection(SolutionProperties) = preSolution
		HideSolutionNode = FALSE
	EndGlobalSection
	GlobalSection(ExtensibilityGlobals) = postSolution
		SolutionGuid = {C42DB307-0734-4875-9CC2-70569D5F562A}
	EndGlobalSection
EndGlobal
