
Microsoft Visual Studio Solution File, Format Version 12.00
# Visual Studio Version 16
VisualStudioVersion = 16.0.29209.62
MinimumVisualStudioVersion = 10.0.40219.1
Project("{FAE04EC0-301F-11D3-BF4B-00C04F79EFBC}") = "AppExample01", "AppExample01\AppExample01.csproj", "{E8C204D5-9389-486E-B14E-46F9387AAE2C}"
EndProject
Global
	GlobalSection(SolutionConfigurationPlatforms) = preSolution
		Debug|Any CPU = Debug|Any CPU
		Release|Any CPU = Release|Any CPU
	EndGlobalSection
	GlobalSection(ProjectConfigurationPlatforms) = postSolution
		{E8C204D5-9389-486E-B14E-46F9387AAE2C}.Debug|Any CPU.ActiveCfg = Debug|Any CPU
		{E8C204D5-9389-486E-B14E-46F9387AAE2C}.Debug|Any CPU.Build.0 = Debug|Any CPU
		{E8C204D5-9389-486E-B14E-46F9387AAE2C}.Release|Any CPU.ActiveCfg = Release|Any CPU
		{E8C204D5-9389-486E-B14E-46F9387AAE2C}.Release|Any CPU.Build.0 = Release|Any CPU
	EndGlobalSection
	GlobalSection(SolutionProperties) = preSolution
		HideSolutionNode = FALSE
	EndGlobalSection
	GlobalSection(ExtensibilityGlobals) = postSolution
		SolutionGuid = {C7DA602C-038D-4501-A4FD-CF4818DB5855}
	EndGlobalSection
EndGlobal
