
Microsoft Visual Studio Solution File, Format Version 12.00
# Visual Studio 15
VisualStudioVersion = 15.0.27428.2011
MinimumVisualStudioVersion = 10.0.40219.1
Project("{FAE04EC0-301F-11D3-BF4B-00C04F79EFBC}") = "IntegracionMVCAngular", "IntegracionMVCAngular\IntegracionMVCAngular.csproj", "{D66E84A6-3A4F-4953-8B8F-BD9A68042491}"
EndProject
Global
	GlobalSection(SolutionConfigurationPlatforms) = preSolution
		Debug|Any CPU = Debug|Any CPU
		Release|Any CPU = Release|Any CPU
	EndGlobalSection
	GlobalSection(ProjectConfigurationPlatforms) = postSolution
		{D66E84A6-3A4F-4953-8B8F-BD9A68042491}.Debug|Any CPU.ActiveCfg = Debug|Any CPU
		{D66E84A6-3A4F-4953-8B8F-BD9A68042491}.Debug|Any CPU.Build.0 = Debug|Any CPU
		{D66E84A6-3A4F-4953-8B8F-BD9A68042491}.Release|Any CPU.ActiveCfg = Release|Any CPU
		{D66E84A6-3A4F-4953-8B8F-BD9A68042491}.Release|Any CPU.Build.0 = Release|Any CPU
	EndGlobalSection
	GlobalSection(SolutionProperties) = preSolution
		HideSolutionNode = FALSE
	EndGlobalSection
	GlobalSection(ExtensibilityGlobals) = postSolution
		SolutionGuid = {79217502-3606-49A7-A3E0-D00E1C609C44}
	EndGlobalSection
EndGlobal
